
Microsoft Visual Studio Solution File, Format Version 12.00
# Visual Studio 15
VisualStudioVersion = 15.0.26430.16
MinimumVisualStudioVersion = 10.0.40219.1
Project("{FAE04EC0-301F-11D3-BF4B-00C04F79EFBC}") = "HackerRank", "HackerRank\HackerRank.csproj", "{1425B0E1-E8C0-4C9E-9F6C-DDD609F70246}"
EndProject
Project("{FAE04EC0-301F-11D3-BF4B-00C04F79EFBC}") = "Algorithms.Implementation", "Algorithms.Implementation\Algorithms.Implementation.csproj", "{1DD8107B-2576-4F4A-A297-0654D4BA0AD2}"
EndProject
Global
	GlobalSection(SolutionConfigurationPlatforms) = preSolution
		Debug|Any CPU = Debug|Any CPU
		Release|Any CPU = Release|Any CPU
	EndGlobalSection
	GlobalSection(ProjectConfigurationPlatforms) = postSolution
		{1425B0E1-E8C0-4C9E-9F6C-DDD609F70246}.Debug|Any CPU.ActiveCfg = Debug|Any CPU
		{1425B0E1-E8C0-4C9E-9F6C-DDD609F70246}.Debug|Any CPU.Build.0 = Debug|Any CPU
		{1425B0E1-E8C0-4C9E-9F6C-DDD609F70246}.Release|Any CPU.ActiveCfg = Release|Any CPU
		{1425B0E1-E8C0-4C9E-9F6C-DDD609F70246}.Release|Any CPU.Build.0 = Release|Any CPU
		{1DD8107B-2576-4F4A-A297-0654D4BA0AD2}.Debug|Any CPU.ActiveCfg = Debug|Any CPU
		{1DD8107B-2576-4F4A-A297-0654D4BA0AD2}.Debug|Any CPU.Build.0 = Debug|Any CPU
		{1DD8107B-2576-4F4A-A297-0654D4BA0AD2}.Release|Any CPU.ActiveCfg = Release|Any CPU
		{1DD8107B-2576-4F4A-A297-0654D4BA0AD2}.Release|Any CPU.Build.0 = Release|Any CPU
	EndGlobalSection
	GlobalSection(SolutionProperties) = preSolution
		HideSolutionNode = FALSE
	EndGlobalSection
EndGlobal
